// !$*UTF8*$!
{
	archiveVersion = 1;
	classes = {
	};
	objectVersion = 46;
	objects = {

/* Begin PBXBuildFile section */
		2B386F7B1F29B69A00228620 /* main.m in Sources */ = {isa = PBXBuildFile; fileRef = 2B386F7A1F29B69A00228620 /* main.m */; };
		2B386F7E1F29B69A00228620 /* AppDelegate.m in Sources */ = {isa = PBXBuildFile; fileRef = 2B386F7D1F29B69A00228620 /* AppDelegate.m */; };
		2B386F841F29B69A00228620 /* Main.storyboard in Resources */ = {isa = PBXBuildFile; fileRef = 2B386F821F29B69A00228620 /* Main.storyboard */; };
		2B386F871F29B69A00228620 /* AppBaseDemo.xcdatamodeld in Sources */ = {isa = PBXBuildFile; fileRef = 2B386F851F29B69A00228620 /* AppBaseDemo.xcdatamodeld */; };
		2B386F891F29B69A00228620 /* Assets.xcassets in Resources */ = {isa = PBXBuildFile; fileRef = 2B386F881F29B69A00228620 /* Assets.xcassets */; };
		2B386F8C1F29B69A00228620 /* LaunchScreen.storyboard in Resources */ = {isa = PBXBuildFile; fileRef = 2B386F8A1F29B69A00228620 /* LaunchScreen.storyboard */; };
		2B386F971F29B69A00228620 /* AppBaseDemoTests.m in Sources */ = {isa = PBXBuildFile; fileRef = 2B386F961F29B69A00228620 /* AppBaseDemoTests.m */; };
		2B386FA21F29B69A00228620 /* AppBaseDemoUITests.m in Sources */ = {isa = PBXBuildFile; fileRef = 2B386FA11F29B69A00228620 /* AppBaseDemoUITests.m */; };
		2B3870331F29BC0C00228620 /* NSMutableArray+SRArraySort.m in Sources */ = {isa = PBXBuildFile; fileRef = 2B3870141F29BC0C00228620 /* NSMutableArray+SRArraySort.m */; };
		2B3870341F29BC0C00228620 /* NSMutableAttributedString+SRSpecial.m in Sources */ = {isa = PBXBuildFile; fileRef = 2B3870161F29BC0C00228620 /* NSMutableAttributedString+SRSpecial.m */; };
		2B3870351F29BC0C00228620 /* NSString+SRDoc.m in Sources */ = {isa = PBXBuildFile; fileRef = 2B3870181F29BC0C00228620 /* NSString+SRDoc.m */; };
		2B3870361F29BC0C00228620 /* NSString+SRString.m in Sources */ = {isa = PBXBuildFile; fileRef = 2B38701A1F29BC0C00228620 /* NSString+SRString.m */; };
		2B3870371F29BC0C00228620 /* UIButton+SRButton.m in Sources */ = {isa = PBXBuildFile; fileRef = 2B38701C1F29BC0C00228620 /* UIButton+SRButton.m */; };
		2B3870381F29BC0C00228620 /* UIColor+SRColor.m in Sources */ = {isa = PBXBuildFile; fileRef = 2B38701E1F29BC0C00228620 /* UIColor+SRColor.m */; };
		2B3870391F29BC0C00228620 /* UIImage+SRImage.m in Sources */ = {isa = PBXBuildFile; fileRef = 2B3870201F29BC0C00228620 /* UIImage+SRImage.m */; };
		2B38703A1F29BC0C00228620 /* UILabel+SRUILabel.m in Sources */ = {isa = PBXBuildFile; fileRef = 2B3870221F29BC0C00228620 /* UILabel+SRUILabel.m */; };
		2B38703B1F29BC0C00228620 /* UITextField+SRTextField.m in Sources */ = {isa = PBXBuildFile; fileRef = 2B3870241F29BC0C00228620 /* UITextField+SRTextField.m */; };
		2B38703C1F29BC0C00228620 /* UIView+SRExtension.m in Sources */ = {isa = PBXBuildFile; fileRef = 2B3870261F29BC0C00228620 /* UIView+SRExtension.m */; };
		2B38703D1F29BC0C00228620 /* NSArray+ ZXPUnicode.m in Sources */ = {isa = PBXBuildFile; fileRef = 2B3870281F29BC0C00228620 /* NSArray+ ZXPUnicode.m */; };
		2B38703E1F29BC0C00228620 /* NSDictionary+ZXPUnicode.m in Sources */ = {isa = PBXBuildFile; fileRef = 2B38702B1F29BC0C00228620 /* NSDictionary+ZXPUnicode.m */; };
		2B38703F1F29BC0C00228620 /* NSObject+ZXPUnicode.m in Sources */ = {isa = PBXBuildFile; fileRef = 2B38702D1F29BC0C00228620 /* NSObject+ZXPUnicode.m */; };
		2B3AE0CE1F3020F400DE03B0 /* AppProdcutSelectSpecificationCell.m in Sources */ = {isa = PBXBuildFile; fileRef = 2B3AE0CC1F3020F400DE03B0 /* AppProdcutSelectSpecificationCell.m */; };
		2B3AE0CF1F3020F400DE03B0 /* AppProdcutSelectSpecificationCell.xib in Resources */ = {isa = PBXBuildFile; fileRef = 2B3AE0CD1F3020F400DE03B0 /* AppProdcutSelectSpecificationCell.xib */; };
		2B3AE0D21F304C2D00DE03B0 /* AppProductModel.m in Sources */ = {isa = PBXBuildFile; fileRef = 2B3AE0D11F304C2D00DE03B0 /* AppProductModel.m */; };
		2B90F8941F2EC86200698C38 /* CustomScrollSelectView.m in Sources */ = {isa = PBXBuildFile; fileRef = 2B90F8931F2EC86200698C38 /* CustomScrollSelectView.m */; };
		2B90F8971F2ECFF100698C38 /* SelectTypeView.m in Sources */ = {isa = PBXBuildFile; fileRef = 2B90F8961F2ECFF100698C38 /* SelectTypeView.m */; };
		2B90F8991F2ED5E800698C38 /* SelectViewTitle.xib in Resources */ = {isa = PBXBuildFile; fileRef = 2B90F8981F2ED5E800698C38 /* SelectViewTitle.xib */; };
		2B90F89C1F2EDC0C00698C38 /* SelectViewTitle.m in Sources */ = {isa = PBXBuildFile; fileRef = 2B90F89B1F2EDC0C00698C38 /* SelectViewTitle.m */; };
		2B90F8A61F2F0E9B00698C38 /* AppProductViewController.m in Sources */ = {isa = PBXBuildFile; fileRef = 2B90F8A51F2F0E9B00698C38 /* AppProductViewController.m */; };
		2B90F8A91F2F124200698C38 /* AppProductViewControllerLeftCell.m in Sources */ = {isa = PBXBuildFile; fileRef = 2B90F8A81F2F124200698C38 /* AppProductViewControllerLeftCell.m */; };
		2B90F8AC1F2F21C700698C38 /* AppProductMainCellView.m in Sources */ = {isa = PBXBuildFile; fileRef = 2B90F8AB1F2F21C700698C38 /* AppProductMainCellView.m */; };
		2B90F8AE1F2F21CE00698C38 /* AppProductMainCellView.xib in Resources */ = {isa = PBXBuildFile; fileRef = 2B90F8AD1F2F21CE00698C38 /* AppProductMainCellView.xib */; };
		2B90F8B11F2F25A500698C38 /* AppProductMainCell.m in Sources */ = {isa = PBXBuildFile; fileRef = 2B90F8B01F2F25A500698C38 /* AppProductMainCell.m */; };
		2BA025171F2AD86B003EB25D /* TipLabel.m in Sources */ = {isa = PBXBuildFile; fileRef = 2BA025161F2AD86B003EB25D /* TipLabel.m */; };
		2BA025301F2AE470003EB25D /* BaseViewController.m in Sources */ = {isa = PBXBuildFile; fileRef = 2BA025271F2AE470003EB25D /* BaseViewController.m */; };
		2BA025311F2AE470003EB25D /* CustomNavBarView.m in Sources */ = {isa = PBXBuildFile; fileRef = 2BA025291F2AE470003EB25D /* CustomNavBarView.m */; };
		2BA025321F2AE470003EB25D /* CustomNavigationController.m in Sources */ = {isa = PBXBuildFile; fileRef = 2BA0252B1F2AE470003EB25D /* CustomNavigationController.m */; };
		2BA025331F2AE470003EB25D /* SRCustomTabBarController.m in Sources */ = {isa = PBXBuildFile; fileRef = 2BA0252D1F2AE470003EB25D /* SRCustomTabBarController.m */; };
		2BA025341F2AE470003EB25D /* SRCustomTabBarView.m in Sources */ = {isa = PBXBuildFile; fileRef = 2BA0252F1F2AE470003EB25D /* SRCustomTabBarView.m */; };
		2BA025371F2B05E9003EB25D /* CustomViewController.m in Sources */ = {isa = PBXBuildFile; fileRef = 2BA025361F2B05E9003EB25D /* CustomViewController.m */; };
		2BA0253B1F2B0658003EB25D /* BaseNetWorkClient.m in Sources */ = {isa = PBXBuildFile; fileRef = 2BA0253A1F2B0658003EB25D /* BaseNetWorkClient.m */; };
		2BA0253F1F2B06AD003EB25D /* RootViewController.m in Sources */ = {isa = PBXBuildFile; fileRef = 2BA0253E1F2B06AD003EB25D /* RootViewController.m */; };
		2BA025491F2B0C09003EB25D /* HomeViewController.m in Sources */ = {isa = PBXBuildFile; fileRef = 2BA025481F2B0C09003EB25D /* HomeViewController.m */; };
		2BA0254C1F2B0C32003EB25D /* TopAdvertisementView.m in Sources */ = {isa = PBXBuildFile; fileRef = 2BA0254B1F2B0C32003EB25D /* TopAdvertisementView.m */; };
		2BA0254F1F2B0D57003EB25D /* CustomPageView.m in Sources */ = {isa = PBXBuildFile; fileRef = 2BA0254E1F2B0D57003EB25D /* CustomPageView.m */; };
		2BA025521F2B108D003EB25D /* HomeTopView.m in Sources */ = {isa = PBXBuildFile; fileRef = 2BA025511F2B108D003EB25D /* HomeTopView.m */; };
		2BA025551F2B2A15003EB25D /* RecommendProductView.m in Sources */ = {isa = PBXBuildFile; fileRef = 2BA025541F2B2A15003EB25D /* RecommendProductView.m */; };
		2BA8DAB11F319BA9000190C1 /* DESEncryption.m in Sources */ = {isa = PBXBuildFile; fileRef = 2BA8DAB01F319BA9000190C1 /* DESEncryption.m */; settings = {COMPILER_FLAGS = "-fno-objc-arc"; }; };
		2BA8DAB61F319BCE000190C1 /* GTMBase64.m in Sources */ = {isa = PBXBuildFile; fileRef = 2BA8DAB41F319BCE000190C1 /* GTMBase64.m */; settings = {COMPILER_FLAGS = "-fno-objc-arc -Wno-shorten-64-to-32"; }; };
		65403DF437BA47C28C5B3CF7 /* libPods-AppBaseDemo.a in Frameworks */ = {isa = PBXBuildFile; fileRef = C0152959586DFB41568D4F5C /* libPods-AppBaseDemo.a */; };
/* End PBXBuildFile section */

/* Begin PBXContainerItemProxy section */
		2B386F931F29B69A00228620 /* PBXContainerItemProxy */ = {
			isa = PBXContainerItemProxy;
			containerPortal = 2B386F6E1F29B69A00228620 /* Project object */;
			proxyType = 1;
			remoteGlobalIDString = 2B386F751F29B69A00228620;
			remoteInfo = AppBaseDemo;
		};
		2B386F9E1F29B69A00228620 /* PBXContainerItemProxy */ = {
			isa = PBXContainerItemProxy;
			containerPortal = 2B386F6E1F29B69A00228620 /* Project object */;
			proxyType = 1;
			remoteGlobalIDString = 2B386F751F29B69A00228620;
			remoteInfo = AppBaseDemo;
		};
/* End PBXContainerItemProxy section */

/* Begin PBXFileReference section */
		2B386F761F29B69A00228620 /* AppBaseDemo.app */ = {isa = PBXFileReference; explicitFileType = wrapper.application; includeInIndex = 0; path = AppBaseDemo.app; sourceTree = BUILT_PRODUCTS_DIR; };
		2B386F7A1F29B69A00228620 /* main.m */ = {isa = PBXFileReference; lastKnownFileType = sourcecode.c.objc; path = main.m; sourceTree = "<group>"; };
		2B386F7C1F29B69A00228620 /* AppDelegate.h */ = {isa = PBXFileReference; lastKnownFileType = sourcecode.c.h; path = AppDelegate.h; sourceTree = "<group>"; };
		2B386F7D1F29B69A00228620 /* AppDelegate.m */ = {isa = PBXFileReference; lastKnownFileType = sourcecode.c.objc; path = AppDelegate.m; sourceTree = "<group>"; };
		2B386F831F29B69A00228620 /* Base */ = {isa = PBXFileReference; lastKnownFileType = file.storyboard; name = Base; path = Base.lproj/Main.storyboard; sourceTree = "<group>"; };
		2B386F861F29B69A00228620 /* AppBaseDemo.xcdatamodel */ = {isa = PBXFileReference; lastKnownFileType = wrapper.xcdatamodel; path = AppBaseDemo.xcdatamodel; sourceTree = "<group>"; };
		2B386F881F29B69A00228620 /* Assets.xcassets */ = {isa = PBXFileReference; lastKnownFileType = folder.assetcatalog; path = Assets.xcassets; sourceTree = "<group>"; };
		2B386F8B1F29B69A00228620 /* Base */ = {isa = PBXFileReference; lastKnownFileType = file.storyboard; name = Base; path = Base.lproj/LaunchScreen.storyboard; sourceTree = "<group>"; };
		2B386F8D1F29B69A00228620 /* Info.plist */ = {isa = PBXFileReference; lastKnownFileType = text.plist.xml; name = Info.plist; path = ../Info.plist; sourceTree = "<group>"; };
		2B386F921F29B69A00228620 /* AppBaseDemoTests.xctest */ = {isa = PBXFileReference; explicitFileType = wrapper.cfbundle; includeInIndex = 0; path = AppBaseDemoTests.xctest; sourceTree = BUILT_PRODUCTS_DIR; };
		2B386F961F29B69A00228620 /* AppBaseDemoTests.m */ = {isa = PBXFileReference; lastKnownFileType = sourcecode.c.objc; path = AppBaseDemoTests.m; sourceTree = "<group>"; };
		2B386F981F29B69A00228620 /* Info.plist */ = {isa = PBXFileReference; lastKnownFileType = text.plist.xml; path = Info.plist; sourceTree = "<group>"; };
		2B386F9D1F29B69A00228620 /* AppBaseDemoUITests.xctest */ = {isa = PBXFileReference; explicitFileType = wrapper.cfbundle; includeInIndex = 0; path = AppBaseDemoUITests.xctest; sourceTree = BUILT_PRODUCTS_DIR; };
		2B386FA11F29B69A00228620 /* AppBaseDemoUITests.m */ = {isa = PBXFileReference; lastKnownFileType = sourcecode.c.objc; path = AppBaseDemoUITests.m; sourceTree = "<group>"; };
		2B386FA31F29B69A00228620 /* Info.plist */ = {isa = PBXFileReference; lastKnownFileType = text.plist.xml; path = Info.plist; sourceTree = "<group>"; };
		2B3870131F29BC0C00228620 /* NSMutableArray+SRArraySort.h */ = {isa = PBXFileReference; fileEncoding = 4; lastKnownFileType = sourcecode.c.h; path = "NSMutableArray+SRArraySort.h"; sourceTree = "<group>"; };
		2B3870141F29BC0C00228620 /* NSMutableArray+SRArraySort.m */ = {isa = PBXFileReference; fileEncoding = 4; lastKnownFileType = sourcecode.c.objc; path = "NSMutableArray+SRArraySort.m"; sourceTree = "<group>"; };
		2B3870151F29BC0C00228620 /* NSMutableAttributedString+SRSpecial.h */ = {isa = PBXFileReference; fileEncoding = 4; lastKnownFileType = sourcecode.c.h; path = "NSMutableAttributedString+SRSpecial.h"; sourceTree = "<group>"; };
		2B3870161F29BC0C00228620 /* NSMutableAttributedString+SRSpecial.m */ = {isa = PBXFileReference; fileEncoding = 4; lastKnownFileType = sourcecode.c.objc; path = "NSMutableAttributedString+SRSpecial.m"; sourceTree = "<group>"; };
		2B3870171F29BC0C00228620 /* NSString+SRDoc.h */ = {isa = PBXFileReference; fileEncoding = 4; lastKnownFileType = sourcecode.c.h; path = "NSString+SRDoc.h"; sourceTree = "<group>"; };
		2B3870181F29BC0C00228620 /* NSString+SRDoc.m */ = {isa = PBXFileReference; fileEncoding = 4; lastKnownFileType = sourcecode.c.objc; path = "NSString+SRDoc.m"; sourceTree = "<group>"; };
		2B3870191F29BC0C00228620 /* NSString+SRString.h */ = {isa = PBXFileReference; fileEncoding = 4; lastKnownFileType = sourcecode.c.h; path = "NSString+SRString.h"; sourceTree = "<group>"; };
		2B38701A1F29BC0C00228620 /* NSString+SRString.m */ = {isa = PBXFileReference; fileEncoding = 4; lastKnownFileType = sourcecode.c.objc; path = "NSString+SRString.m"; sourceTree = "<group>"; };
		2B38701B1F29BC0C00228620 /* UIButton+SRButton.h */ = {isa = PBXFileReference; fileEncoding = 4; lastKnownFileType = sourcecode.c.h; path = "UIButton+SRButton.h"; sourceTree = "<group>"; };
		2B38701C1F29BC0C00228620 /* UIButton+SRButton.m */ = {isa = PBXFileReference; fileEncoding = 4; lastKnownFileType = sourcecode.c.objc; path = "UIButton+SRButton.m"; sourceTree = "<group>"; };
		2B38701D1F29BC0C00228620 /* UIColor+SRColor.h */ = {isa = PBXFileReference; fileEncoding = 4; lastKnownFileType = sourcecode.c.h; path = "UIColor+SRColor.h"; sourceTree = "<group>"; };
		2B38701E1F29BC0C00228620 /* UIColor+SRColor.m */ = {isa = PBXFileReference; fileEncoding = 4; lastKnownFileType = sourcecode.c.objc; path = "UIColor+SRColor.m"; sourceTree = "<group>"; };
		2B38701F1F29BC0C00228620 /* UIImage+SRImage.h */ = {isa = PBXFileReference; fileEncoding = 4; lastKnownFileType = sourcecode.c.h; path = "UIImage+SRImage.h"; sourceTree = "<group>"; };
		2B3870201F29BC0C00228620 /* UIImage+SRImage.m */ = {isa = PBXFileReference; fileEncoding = 4; lastKnownFileType = sourcecode.c.objc; path = "UIImage+SRImage.m"; sourceTree = "<group>"; };
		2B3870211F29BC0C00228620 /* UILabel+SRUILabel.h */ = {isa = PBXFileReference; fileEncoding = 4; lastKnownFileType = sourcecode.c.h; path = "UILabel+SRUILabel.h"; sourceTree = "<group>"; };
		2B3870221F29BC0C00228620 /* UILabel+SRUILabel.m */ = {isa = PBXFileReference; fileEncoding = 4; lastKnownFileType = sourcecode.c.objc; path = "UILabel+SRUILabel.m"; sourceTree = "<group>"; };
		2B3870231F29BC0C00228620 /* UITextField+SRTextField.h */ = {isa = PBXFileReference; fileEncoding = 4; lastKnownFileType = sourcecode.c.h; path = "UITextField+SRTextField.h"; sourceTree = "<group>"; };
		2B3870241F29BC0C00228620 /* UITextField+SRTextField.m */ = {isa = PBXFileReference; fileEncoding = 4; lastKnownFileType = sourcecode.c.objc; path = "UITextField+SRTextField.m"; sourceTree = "<group>"; };
		2B3870251F29BC0C00228620 /* UIView+SRExtension.h */ = {isa = PBXFileReference; fileEncoding = 4; lastKnownFileType = sourcecode.c.h; path = "UIView+SRExtension.h"; sourceTree = "<group>"; };
		2B3870261F29BC0C00228620 /* UIView+SRExtension.m */ = {isa = PBXFileReference; fileEncoding = 4; lastKnownFileType = sourcecode.c.objc; path = "UIView+SRExtension.m"; sourceTree = "<group>"; };
		2B3870281F29BC0C00228620 /* NSArray+ ZXPUnicode.m */ = {isa = PBXFileReference; fileEncoding = 4; lastKnownFileType = sourcecode.c.objc; path = "NSArray+ ZXPUnicode.m"; sourceTree = "<group>"; };
		2B3870291F29BC0C00228620 /* NSArray+ZXPUnicode.h */ = {isa = PBXFileReference; fileEncoding = 4; lastKnownFileType = sourcecode.c.h; path = "NSArray+ZXPUnicode.h"; sourceTree = "<group>"; };
		2B38702A1F29BC0C00228620 /* NSDictionary+ZXPUnicode.h */ = {isa = PBXFileReference; fileEncoding = 4; lastKnownFileType = sourcecode.c.h; path = "NSDictionary+ZXPUnicode.h"; sourceTree = "<group>"; };
		2B38702B1F29BC0C00228620 /* NSDictionary+ZXPUnicode.m */ = {isa = PBXFileReference; fileEncoding = 4; lastKnownFileType = sourcecode.c.objc; path = "NSDictionary+ZXPUnicode.m"; sourceTree = "<group>"; };
		2B38702C1F29BC0C00228620 /* NSObject+ZXPUnicode.h */ = {isa = PBXFileReference; fileEncoding = 4; lastKnownFileType = sourcecode.c.h; path = "NSObject+ZXPUnicode.h"; sourceTree = "<group>"; };
		2B38702D1F29BC0C00228620 /* NSObject+ZXPUnicode.m */ = {isa = PBXFileReference; fileEncoding = 4; lastKnownFileType = sourcecode.c.objc; path = "NSObject+ZXPUnicode.m"; sourceTree = "<group>"; };
		2B38702F1F29BC0C00228620 /* SRDebugConfig.h */ = {isa = PBXFileReference; fileEncoding = 4; lastKnownFileType = sourcecode.c.h; path = SRDebugConfig.h; sourceTree = "<group>"; };
		2B3870301F29BC0C00228620 /* SRObjecCategory.h */ = {isa = PBXFileReference; fileEncoding = 4; lastKnownFileType = sourcecode.c.h; path = SRObjecCategory.h; sourceTree = "<group>"; };
		2B3870311F29BC0C00228620 /* SRViewConfig.h */ = {isa = PBXFileReference; fileEncoding = 4; lastKnownFileType = sourcecode.c.h; path = SRViewConfig.h; sourceTree = "<group>"; };
		2B3870321F29BC0C00228620 /* PrefixHeader.pch */ = {isa = PBXFileReference; fileEncoding = 4; lastKnownFileType = sourcecode.c.h; path = PrefixHeader.pch; sourceTree = "<group>"; };
		2B3AE0CB1F3020F400DE03B0 /* AppProdcutSelectSpecificationCell.h */ = {isa = PBXFileReference; fileEncoding = 4; lastKnownFileType = sourcecode.c.h; path = AppProdcutSelectSpecificationCell.h; sourceTree = "<group>"; };
		2B3AE0CC1F3020F400DE03B0 /* AppProdcutSelectSpecificationCell.m */ = {isa = PBXFileReference; fileEncoding = 4; lastKnownFileType = sourcecode.c.objc; path = AppProdcutSelectSpecificationCell.m; sourceTree = "<group>"; };
		2B3AE0CD1F3020F400DE03B0 /* AppProdcutSelectSpecificationCell.xib */ = {isa = PBXFileReference; fileEncoding = 4; lastKnownFileType = file.xib; path = AppProdcutSelectSpecificationCell.xib; sourceTree = "<group>"; };
		2B3AE0D01F304C2D00DE03B0 /* AppProductModel.h */ = {isa = PBXFileReference; fileEncoding = 4; lastKnownFileType = sourcecode.c.h; path = AppProductModel.h; sourceTree = "<group>"; };
		2B3AE0D11F304C2D00DE03B0 /* AppProductModel.m */ = {isa = PBXFileReference; fileEncoding = 4; lastKnownFileType = sourcecode.c.objc; path = AppProductModel.m; sourceTree = "<group>"; };
		2B90F8921F2EC86200698C38 /* CustomScrollSelectView.h */ = {isa = PBXFileReference; fileEncoding = 4; lastKnownFileType = sourcecode.c.h; path = CustomScrollSelectView.h; sourceTree = "<group>"; };
		2B90F8931F2EC86200698C38 /* CustomScrollSelectView.m */ = {isa = PBXFileReference; fileEncoding = 4; lastKnownFileType = sourcecode.c.objc; path = CustomScrollSelectView.m; sourceTree = "<group>"; };
		2B90F8951F2ECFF100698C38 /* SelectTypeView.h */ = {isa = PBXFileReference; fileEncoding = 4; lastKnownFileType = sourcecode.c.h; path = SelectTypeView.h; sourceTree = "<group>"; };
		2B90F8961F2ECFF100698C38 /* SelectTypeView.m */ = {isa = PBXFileReference; fileEncoding = 4; lastKnownFileType = sourcecode.c.objc; path = SelectTypeView.m; sourceTree = "<group>"; };
		2B90F8981F2ED5E800698C38 /* SelectViewTitle.xib */ = {isa = PBXFileReference; fileEncoding = 4; lastKnownFileType = file.xib; path = SelectViewTitle.xib; sourceTree = "<group>"; };
		2B90F89A1F2EDC0C00698C38 /* SelectViewTitle.h */ = {isa = PBXFileReference; fileEncoding = 4; lastKnownFileType = sourcecode.c.h; path = SelectViewTitle.h; sourceTree = "<group>"; };
		2B90F89B1F2EDC0C00698C38 /* SelectViewTitle.m */ = {isa = PBXFileReference; fileEncoding = 4; lastKnownFileType = sourcecode.c.objc; path = SelectViewTitle.m; sourceTree = "<group>"; };
		2B90F8A41F2F0E9B00698C38 /* AppProductViewController.h */ = {isa = PBXFileReference; fileEncoding = 4; lastKnownFileType = sourcecode.c.h; path = AppProductViewController.h; sourceTree = "<group>"; };
		2B90F8A51F2F0E9B00698C38 /* AppProductViewController.m */ = {isa = PBXFileReference; fileEncoding = 4; lastKnownFileType = sourcecode.c.objc; path = AppProductViewController.m; sourceTree = "<group>"; };
		2B90F8A71F2F124200698C38 /* AppProductViewControllerLeftCell.h */ = {isa = PBXFileReference; fileEncoding = 4; lastKnownFileType = sourcecode.c.h; path = AppProductViewControllerLeftCell.h; sourceTree = "<group>"; };
		2B90F8A81F2F124200698C38 /* AppProductViewControllerLeftCell.m */ = {isa = PBXFileReference; fileEncoding = 4; lastKnownFileType = sourcecode.c.objc; path = AppProductViewControllerLeftCell.m; sourceTree = "<group>"; };
		2B90F8AA1F2F21C700698C38 /* AppProductMainCellView.h */ = {isa = PBXFileReference; fileEncoding = 4; lastKnownFileType = sourcecode.c.h; path = AppProductMainCellView.h; sourceTree = "<group>"; };
		2B90F8AB1F2F21C700698C38 /* AppProductMainCellView.m */ = {isa = PBXFileReference; fileEncoding = 4; lastKnownFileType = sourcecode.c.objc; path = AppProductMainCellView.m; sourceTree = "<group>"; };
		2B90F8AD1F2F21CE00698C38 /* AppProductMainCellView.xib */ = {isa = PBXFileReference; fileEncoding = 4; lastKnownFileType = file.xib; path = AppProductMainCellView.xib; sourceTree = "<group>"; };
		2B90F8AF1F2F25A500698C38 /* AppProductMainCell.h */ = {isa = PBXFileReference; fileEncoding = 4; lastKnownFileType = sourcecode.c.h; path = AppProductMainCell.h; sourceTree = "<group>"; };
		2B90F8B01F2F25A500698C38 /* AppProductMainCell.m */ = {isa = PBXFileReference; fileEncoding = 4; lastKnownFileType = sourcecode.c.objc; path = AppProductMainCell.m; sourceTree = "<group>"; };
		2BA025151F2AD86B003EB25D /* TipLabel.h */ = {isa = PBXFileReference; fileEncoding = 4; lastKnownFileType = sourcecode.c.h; path = TipLabel.h; sourceTree = "<group>"; };
		2BA025161F2AD86B003EB25D /* TipLabel.m */ = {isa = PBXFileReference; fileEncoding = 4; lastKnownFileType = sourcecode.c.objc; path = TipLabel.m; sourceTree = "<group>"; };
		2BA025181F2AD932003EB25D /* SRGlobalConfig.h */ = {isa = PBXFileReference; lastKnownFileType = sourcecode.c.h; path = SRGlobalConfig.h; sourceTree = "<group>"; };
		2BA025261F2AE470003EB25D /* BaseViewController.h */ = {isa = PBXFileReference; fileEncoding = 4; lastKnownFileType = sourcecode.c.h; path = BaseViewController.h; sourceTree = "<group>"; };
		2BA025271F2AE470003EB25D /* BaseViewController.m */ = {isa = PBXFileReference; fileEncoding = 4; lastKnownFileType = sourcecode.c.objc; path = BaseViewController.m; sourceTree = "<group>"; };
		2BA025281F2AE470003EB25D /* CustomNavBarView.h */ = {isa = PBXFileReference; fileEncoding = 4; lastKnownFileType = sourcecode.c.h; path = CustomNavBarView.h; sourceTree = "<group>"; };
		2BA025291F2AE470003EB25D /* CustomNavBarView.m */ = {isa = PBXFileReference; fileEncoding = 4; lastKnownFileType = sourcecode.c.objc; path = CustomNavBarView.m; sourceTree = "<group>"; };
		2BA0252A1F2AE470003EB25D /* CustomNavigationController.h */ = {isa = PBXFileReference; fileEncoding = 4; lastKnownFileType = sourcecode.c.h; path = CustomNavigationController.h; sourceTree = "<group>"; };
		2BA0252B1F2AE470003EB25D /* CustomNavigationController.m */ = {isa = PBXFileReference; fileEncoding = 4; lastKnownFileType = sourcecode.c.objc; path = CustomNavigationController.m; sourceTree = "<group>"; };
		2BA0252C1F2AE470003EB25D /* SRCustomTabBarController.h */ = {isa = PBXFileReference; fileEncoding = 4; lastKnownFileType = sourcecode.c.h; path = SRCustomTabBarController.h; sourceTree = "<group>"; };
		2BA0252D1F2AE470003EB25D /* SRCustomTabBarController.m */ = {isa = PBXFileReference; fileEncoding = 4; lastKnownFileType = sourcecode.c.objc; path = SRCustomTabBarController.m; sourceTree = "<group>"; };
		2BA0252E1F2AE470003EB25D /* SRCustomTabBarView.h */ = {isa = PBXFileReference; fileEncoding = 4; lastKnownFileType = sourcecode.c.h; path = SRCustomTabBarView.h; sourceTree = "<group>"; };
		2BA0252F1F2AE470003EB25D /* SRCustomTabBarView.m */ = {isa = PBXFileReference; fileEncoding = 4; lastKnownFileType = sourcecode.c.objc; path = SRCustomTabBarView.m; sourceTree = "<group>"; };
		2BA025351F2B05E9003EB25D /* CustomViewController.h */ = {isa = PBXFileReference; fileEncoding = 4; lastKnownFileType = sourcecode.c.h; path = CustomViewController.h; sourceTree = "<group>"; };
		2BA025361F2B05E9003EB25D /* CustomViewController.m */ = {isa = PBXFileReference; fileEncoding = 4; lastKnownFileType = sourcecode.c.objc; path = CustomViewController.m; sourceTree = "<group>"; };
		2BA025391F2B0658003EB25D /* BaseNetWorkClient.h */ = {isa = PBXFileReference; fileEncoding = 4; lastKnownFileType = sourcecode.c.h; path = BaseNetWorkClient.h; sourceTree = "<group>"; };
		2BA0253A1F2B0658003EB25D /* BaseNetWorkClient.m */ = {isa = PBXFileReference; fileEncoding = 4; lastKnownFileType = sourcecode.c.objc; path = BaseNetWorkClient.m; sourceTree = "<group>"; };
		2BA0253D1F2B06AD003EB25D /* RootViewController.h */ = {isa = PBXFileReference; fileEncoding = 4; lastKnownFileType = sourcecode.c.h; path = RootViewController.h; sourceTree = "<group>"; };
		2BA0253E1F2B06AD003EB25D /* RootViewController.m */ = {isa = PBXFileReference; fileEncoding = 4; lastKnownFileType = sourcecode.c.objc; path = RootViewController.m; sourceTree = "<group>"; };
		2BA025471F2B0C09003EB25D /* HomeViewController.h */ = {isa = PBXFileReference; fileEncoding = 4; lastKnownFileType = sourcecode.c.h; path = HomeViewController.h; sourceTree = "<group>"; };
		2BA025481F2B0C09003EB25D /* HomeViewController.m */ = {isa = PBXFileReference; fileEncoding = 4; lastKnownFileType = sourcecode.c.objc; path = HomeViewController.m; sourceTree = "<group>"; };
		2BA0254A1F2B0C32003EB25D /* TopAdvertisementView.h */ = {isa = PBXFileReference; fileEncoding = 4; lastKnownFileType = sourcecode.c.h; path = TopAdvertisementView.h; sourceTree = "<group>"; };
		2BA0254B1F2B0C32003EB25D /* TopAdvertisementView.m */ = {isa = PBXFileReference; fileEncoding = 4; lastKnownFileType = sourcecode.c.objc; path = TopAdvertisementView.m; sourceTree = "<group>"; };
		2BA0254D1F2B0D57003EB25D /* CustomPageView.h */ = {isa = PBXFileReference; fileEncoding = 4; lastKnownFileType = sourcecode.c.h; path = CustomPageView.h; sourceTree = "<group>"; };
		2BA0254E1F2B0D57003EB25D /* CustomPageView.m */ = {isa = PBXFileReference; fileEncoding = 4; lastKnownFileType = sourcecode.c.objc; path = CustomPageView.m; sourceTree = "<group>"; };
		2BA025501F2B108D003EB25D /* HomeTopView.h */ = {isa = PBXFileReference; fileEncoding = 4; lastKnownFileType = sourcecode.c.h; path = HomeTopView.h; sourceTree = "<group>"; };
		2BA025511F2B108D003EB25D /* HomeTopView.m */ = {isa = PBXFileReference; fileEncoding = 4; lastKnownFileType = sourcecode.c.objc; path = HomeTopView.m; sourceTree = "<group>"; };
		2BA025531F2B2A15003EB25D /* RecommendProductView.h */ = {isa = PBXFileReference; fileEncoding = 4; lastKnownFileType = sourcecode.c.h; path = RecommendProductView.h; sourceTree = "<group>"; };
		2BA025541F2B2A15003EB25D /* RecommendProductView.m */ = {isa = PBXFileReference; fileEncoding = 4; lastKnownFileType = sourcecode.c.objc; path = RecommendProductView.m; sourceTree = "<group>"; };
		2BA8DAAF1F319BA9000190C1 /* DESEncryption.h */ = {isa = PBXFileReference; fileEncoding = 4; lastKnownFileType = sourcecode.c.h; path = DESEncryption.h; sourceTree = "<group>"; };
		2BA8DAB01F319BA9000190C1 /* DESEncryption.m */ = {isa = PBXFileReference; fileEncoding = 4; lastKnownFileType = sourcecode.c.objc; path = DESEncryption.m; sourceTree = "<group>"; };
		2BA8DAB31F319BCE000190C1 /* GTMBase64.h */ = {isa = PBXFileReference; fileEncoding = 4; lastKnownFileType = sourcecode.c.h; path = GTMBase64.h; sourceTree = "<group>"; };
		2BA8DAB41F319BCE000190C1 /* GTMBase64.m */ = {isa = PBXFileReference; fileEncoding = 4; lastKnownFileType = sourcecode.c.objc; path = GTMBase64.m; sourceTree = "<group>"; };
		2BA8DAB51F319BCE000190C1 /* GTMDefines.h */ = {isa = PBXFileReference; fileEncoding = 4; lastKnownFileType = sourcecode.c.h; path = GTMDefines.h; sourceTree = "<group>"; };
		C0152959586DFB41568D4F5C /* libPods-AppBaseDemo.a */ = {isa = PBXFileReference; explicitFileType = archive.ar; includeInIndex = 0; path = "libPods-AppBaseDemo.a"; sourceTree = BUILT_PRODUCTS_DIR; };
		D9138079B95F4444D4017C4A /* Pods-AppBaseDemo.debug.xcconfig */ = {isa = PBXFileReference; includeInIndex = 1; lastKnownFileType = text.xcconfig; name = "Pods-AppBaseDemo.debug.xcconfig"; path = "Pods/Target Support Files/Pods-AppBaseDemo/Pods-AppBaseDemo.debug.xcconfig"; sourceTree = "<group>"; };
		FC3237A11D175D8A56FDA2A8 /* Pods-AppBaseDemo.release.xcconfig */ = {isa = PBXFileReference; includeInIndex = 1; lastKnownFileType = text.xcconfig; name = "Pods-AppBaseDemo.release.xcconfig"; path = "Pods/Target Support Files/Pods-AppBaseDemo/Pods-AppBaseDemo.release.xcconfig"; sourceTree = "<group>"; };
/* End PBXFileReference section */

/* Begin PBXFrameworksBuildPhase section */
		2B386F731F29B69A00228620 /* Frameworks */ = {
			isa = PBXFrameworksBuildPhase;
			buildActionMask = 2147483647;
			files = (
				65403DF437BA47C28C5B3CF7 /* libPods-AppBaseDemo.a in Frameworks */,
			);
			runOnlyForDeploymentPostprocessing = 0;
		};
		2B386F8F1F29B69A00228620 /* Frameworks */ = {
			isa = PBXFrameworksBuildPhase;
			buildActionMask = 2147483647;
			files = (
			);
			runOnlyForDeploymentPostprocessing = 0;
		};
		2B386F9A1F29B69A00228620 /* Frameworks */ = {
			isa = PBXFrameworksBuildPhase;
			buildActionMask = 2147483647;
			files = (
			);
			runOnlyForDeploymentPostprocessing = 0;
		};
/* End PBXFrameworksBuildPhase section */

/* Begin PBXGroup section */
		2B386F6D1F29B69A00228620 = {
			isa = PBXGroup;
			children = (
				2B386F781F29B69A00228620 /* AppBaseDemo */,
				2B386F951F29B69A00228620 /* AppBaseDemoTests */,
				2B386FA01F29B69A00228620 /* AppBaseDemoUITests */,
				2B386F771F29B69A00228620 /* Products */,
				5BA30CE97002972E8C43090A /* Pods */,
				94B244F5B69C63A1CEBC1238 /* Frameworks */,
			);
			sourceTree = "<group>";
		};
		2B386F771F29B69A00228620 /* Products */ = {
			isa = PBXGroup;
			children = (
				2B386F761F29B69A00228620 /* AppBaseDemo.app */,
				2B386F921F29B69A00228620 /* AppBaseDemoTests.xctest */,
				2B386F9D1F29B69A00228620 /* AppBaseDemoUITests.xctest */,
			);
			name = Products;
			sourceTree = "<group>";
		};
		2B386F781F29B69A00228620 /* AppBaseDemo */ = {
			isa = PBXGroup;
			children = (
				2BA0253C1F2B0682003EB25D /* AppBaseClass */,
				2BA025251F2AE443003EB25D /* AppBaseViewController */,
				2BA025131F2AD85E003EB25D /* AppBaseTools */,
				2B386F791F29B69A00228620 /* Supporting Files */,
			);
			path = AppBaseDemo;
			sourceTree = "<group>";
		};
		2B386F791F29B69A00228620 /* Supporting Files */ = {
			isa = PBXGroup;
			children = (
				2B386F821F29B69A00228620 /* Main.storyboard */,
				2B386F881F29B69A00228620 /* Assets.xcassets */,
				2B386F8A1F29B69A00228620 /* LaunchScreen.storyboard */,
				2B386F851F29B69A00228620 /* AppBaseDemo.xcdatamodeld */,
				2B386F7C1F29B69A00228620 /* AppDelegate.h */,
				2B386F7D1F29B69A00228620 /* AppDelegate.m */,
				2B3870111F29BC0C00228620 /* CustomSupportingFiles */,
				2B386F7A1F29B69A00228620 /* main.m */,
			);
			name = "Supporting Files";
			sourceTree = "<group>";
		};
		2B386F951F29B69A00228620 /* AppBaseDemoTests */ = {
			isa = PBXGroup;
			children = (
				2B386F961F29B69A00228620 /* AppBaseDemoTests.m */,
				2B386F981F29B69A00228620 /* Info.plist */,
			);
			path = AppBaseDemoTests;
			sourceTree = "<group>";
		};
		2B386FA01F29B69A00228620 /* AppBaseDemoUITests */ = {
			isa = PBXGroup;
			children = (
				2B386FA11F29B69A00228620 /* AppBaseDemoUITests.m */,
				2B386FA31F29B69A00228620 /* Info.plist */,
			);
			path = AppBaseDemoUITests;
			sourceTree = "<group>";
		};
		2B3870111F29BC0C00228620 /* CustomSupportingFiles */ = {
			isa = PBXGroup;
			children = (
				2B386F8D1F29B69A00228620 /* Info.plist */,
				2B3870121F29BC0C00228620 /* BaseCategory */,
				2B38702E1F29BC0C00228620 /* BaseConfig */,
				2B3870321F29BC0C00228620 /* PrefixHeader.pch */,
			);
			path = CustomSupportingFiles;
			sourceTree = "<group>";
		};
		2B3870121F29BC0C00228620 /* BaseCategory */ = {
			isa = PBXGroup;
			children = (
				2B3870131F29BC0C00228620 /* NSMutableArray+SRArraySort.h */,
				2B3870141F29BC0C00228620 /* NSMutableArray+SRArraySort.m */,
				2B3870151F29BC0C00228620 /* NSMutableAttributedString+SRSpecial.h */,
				2B3870161F29BC0C00228620 /* NSMutableAttributedString+SRSpecial.m */,
				2B3870171F29BC0C00228620 /* NSString+SRDoc.h */,
				2B3870181F29BC0C00228620 /* NSString+SRDoc.m */,
				2B3870191F29BC0C00228620 /* NSString+SRString.h */,
				2B38701A1F29BC0C00228620 /* NSString+SRString.m */,
				2B38701B1F29BC0C00228620 /* UIButton+SRButton.h */,
				2B38701C1F29BC0C00228620 /* UIButton+SRButton.m */,
				2B38701D1F29BC0C00228620 /* UIColor+SRColor.h */,
				2B38701E1F29BC0C00228620 /* UIColor+SRColor.m */,
				2B38701F1F29BC0C00228620 /* UIImage+SRImage.h */,
				2B3870201F29BC0C00228620 /* UIImage+SRImage.m */,
				2B3870211F29BC0C00228620 /* UILabel+SRUILabel.h */,
				2B3870221F29BC0C00228620 /* UILabel+SRUILabel.m */,
				2B3870231F29BC0C00228620 /* UITextField+SRTextField.h */,
				2B3870241F29BC0C00228620 /* UITextField+SRTextField.m */,
				2B3870251F29BC0C00228620 /* UIView+SRExtension.h */,
				2B3870261F29BC0C00228620 /* UIView+SRExtension.m */,
				2B3870271F29BC0C00228620 /* UnicodeCategory */,
			);
			path = BaseCategory;
			sourceTree = "<group>";
		};
		2B3870271F29BC0C00228620 /* UnicodeCategory */ = {
			isa = PBXGroup;
			children = (
				2B3870281F29BC0C00228620 /* NSArray+ ZXPUnicode.m */,
				2B3870291F29BC0C00228620 /* NSArray+ZXPUnicode.h */,
				2B38702A1F29BC0C00228620 /* NSDictionary+ZXPUnicode.h */,
				2B38702B1F29BC0C00228620 /* NSDictionary+ZXPUnicode.m */,
				2B38702C1F29BC0C00228620 /* NSObject+ZXPUnicode.h */,
				2B38702D1F29BC0C00228620 /* NSObject+ZXPUnicode.m */,
			);
			path = UnicodeCategory;
			sourceTree = "<group>";
		};
		2B38702E1F29BC0C00228620 /* BaseConfig */ = {
			isa = PBXGroup;
			children = (
				2BA025181F2AD932003EB25D /* SRGlobalConfig.h */,
				2B38702F1F29BC0C00228620 /* SRDebugConfig.h */,
				2B3870301F29BC0C00228620 /* SRObjecCategory.h */,
				2B3870311F29BC0C00228620 /* SRViewConfig.h */,
			);
			path = BaseConfig;
			sourceTree = "<group>";
		};
		2B90F8A01F2F0E4F00698C38 /* AllProduct */ = {
			isa = PBXGroup;
			children = (
				2B90F8A11F2F0E4F00698C38 /* Model */,
				2B90F8A21F2F0E4F00698C38 /* View */,
				2B90F8A31F2F0E4F00698C38 /* ViewController */,
			);
			path = AllProduct;
			sourceTree = "<group>";
		};
		2B90F8A11F2F0E4F00698C38 /* Model */ = {
			isa = PBXGroup;
			children = (
				2B3AE0D01F304C2D00DE03B0 /* AppProductModel.h */,
				2B3AE0D11F304C2D00DE03B0 /* AppProductModel.m */,
			);
			path = Model;
			sourceTree = "<group>";
		};
		2B90F8A21F2F0E4F00698C38 /* View */ = {
			isa = PBXGroup;
			children = (
				2B90F8A71F2F124200698C38 /* AppProductViewControllerLeftCell.h */,
				2B90F8A81F2F124200698C38 /* AppProductViewControllerLeftCell.m */,
				2B90F8AA1F2F21C700698C38 /* AppProductMainCellView.h */,
				2B90F8AB1F2F21C700698C38 /* AppProductMainCellView.m */,
				2B90F8AD1F2F21CE00698C38 /* AppProductMainCellView.xib */,
				2B3AE0CB1F3020F400DE03B0 /* AppProdcutSelectSpecificationCell.h */,
				2B3AE0CC1F3020F400DE03B0 /* AppProdcutSelectSpecificationCell.m */,
				2B3AE0CD1F3020F400DE03B0 /* AppProdcutSelectSpecificationCell.xib */,
				2B90F8AF1F2F25A500698C38 /* AppProductMainCell.h */,
				2B90F8B01F2F25A500698C38 /* AppProductMainCell.m */,
			);
			path = View;
			sourceTree = "<group>";
		};
		2B90F8A31F2F0E4F00698C38 /* ViewController */ = {
			isa = PBXGroup;
			children = (
				2B90F8A41F2F0E9B00698C38 /* AppProductViewController.h */,
				2B90F8A51F2F0E9B00698C38 /* AppProductViewController.m */,
			);
			path = ViewController;
			sourceTree = "<group>";
		};
		2BA025131F2AD85E003EB25D /* AppBaseTools */ = {
			isa = PBXGroup;
			children = (
				2BA8DAB21F319BCE000190C1 /* GTMBase64 */,
				2BA8DAAE1F319BA9000190C1 /* DESEncryption */,
				2BA025381F2B0658003EB25D /* SRNetWorkClient */,
				2BA025141F2AD86B003EB25D /* TipLabel */,
			);
			path = AppBaseTools;
			sourceTree = "<group>";
		};
		2BA025141F2AD86B003EB25D /* TipLabel */ = {
			isa = PBXGroup;
			children = (
				2BA025151F2AD86B003EB25D /* TipLabel.h */,
				2BA025161F2AD86B003EB25D /* TipLabel.m */,
			);
			path = TipLabel;
			sourceTree = "<group>";
		};
		2BA025251F2AE443003EB25D /* AppBaseViewController */ = {
			isa = PBXGroup;
			children = (
				2BA025351F2B05E9003EB25D /* CustomViewController.h */,
				2BA025361F2B05E9003EB25D /* CustomViewController.m */,
				2BA025261F2AE470003EB25D /* BaseViewController.h */,
				2BA025271F2AE470003EB25D /* BaseViewController.m */,
				2BA025281F2AE470003EB25D /* CustomNavBarView.h */,
				2BA025291F2AE470003EB25D /* CustomNavBarView.m */,
				2BA0252A1F2AE470003EB25D /* CustomNavigationController.h */,
				2BA0252B1F2AE470003EB25D /* CustomNavigationController.m */,
				2BA0252C1F2AE470003EB25D /* SRCustomTabBarController.h */,
				2BA0252D1F2AE470003EB25D /* SRCustomTabBarController.m */,
				2BA0252E1F2AE470003EB25D /* SRCustomTabBarView.h */,
				2BA0252F1F2AE470003EB25D /* SRCustomTabBarView.m */,
			);
			path = AppBaseViewController;
			sourceTree = "<group>";
		};
		2BA025381F2B0658003EB25D /* SRNetWorkClient */ = {
			isa = PBXGroup;
			children = (
				2BA025391F2B0658003EB25D /* BaseNetWorkClient.h */,
				2BA0253A1F2B0658003EB25D /* BaseNetWorkClient.m */,
			);
			path = SRNetWorkClient;
			sourceTree = "<group>";
		};
		2BA0253C1F2B0682003EB25D /* AppBaseClass */ = {
			isa = PBXGroup;
			children = (
				2B90F8A01F2F0E4F00698C38 /* AllProduct */,
				2BA025431F2B0C09003EB25D /* Home */,
				2BA0253D1F2B06AD003EB25D /* RootViewController.h */,
				2BA0253E1F2B06AD003EB25D /* RootViewController.m */,
			);
			path = AppBaseClass;
			sourceTree = "<group>";
		};
		2BA025431F2B0C09003EB25D /* Home */ = {
			isa = PBXGroup;
			children = (
				2BA025441F2B0C09003EB25D /* Model */,
				2BA025451F2B0C09003EB25D /* View */,
				2BA025461F2B0C09003EB25D /* ViewController */,
			);
			path = Home;
			sourceTree = "<group>";
		};
		2BA025441F2B0C09003EB25D /* Model */ = {
			isa = PBXGroup;
			children = (
			);
			path = Model;
			sourceTree = "<group>";
		};
		2BA025451F2B0C09003EB25D /* View */ = {
			isa = PBXGroup;
			children = (
				2B90F8921F2EC86200698C38 /* CustomScrollSelectView.h */,
				2B90F8931F2EC86200698C38 /* CustomScrollSelectView.m */,
				2BA0254D1F2B0D57003EB25D /* CustomPageView.h */,
				2BA0254E1F2B0D57003EB25D /* CustomPageView.m */,
				2BA0254A1F2B0C32003EB25D /* TopAdvertisementView.h */,
				2BA0254B1F2B0C32003EB25D /* TopAdvertisementView.m */,
				2BA025501F2B108D003EB25D /* HomeTopView.h */,
				2BA025511F2B108D003EB25D /* HomeTopView.m */,
				2BA025531F2B2A15003EB25D /* RecommendProductView.h */,
				2BA025541F2B2A15003EB25D /* RecommendProductView.m */,
				2B90F8951F2ECFF100698C38 /* SelectTypeView.h */,
				2B90F8961F2ECFF100698C38 /* SelectTypeView.m */,
				2B90F8981F2ED5E800698C38 /* SelectViewTitle.xib */,
				2B90F89A1F2EDC0C00698C38 /* SelectViewTitle.h */,
				2B90F89B1F2EDC0C00698C38 /* SelectViewTitle.m */,
			);
			path = View;
			sourceTree = "<group>";
		};
		2BA025461F2B0C09003EB25D /* ViewController */ = {
			isa = PBXGroup;
			children = (
				2BA025471F2B0C09003EB25D /* HomeViewController.h */,
				2BA025481F2B0C09003EB25D /* HomeViewController.m */,
			);
			path = ViewController;
			sourceTree = "<group>";
		};
		2BA8DAAE1F319BA9000190C1 /* DESEncryption */ = {
			isa = PBXGroup;
			children = (
				2BA8DAAF1F319BA9000190C1 /* DESEncryption.h */,
				2BA8DAB01F319BA9000190C1 /* DESEncryption.m */,
			);
			path = DESEncryption;
			sourceTree = "<group>";
		};
		2BA8DAB21F319BCE000190C1 /* GTMBase64 */ = {
			isa = PBXGroup;
			children = (
				2BA8DAB31F319BCE000190C1 /* GTMBase64.h */,
				2BA8DAB41F319BCE000190C1 /* GTMBase64.m */,
				2BA8DAB51F319BCE000190C1 /* GTMDefines.h */,
			);
			path = GTMBase64;
			sourceTree = "<group>";
		};
		5BA30CE97002972E8C43090A /* Pods */ = {
			isa = PBXGroup;
			children = (
				D9138079B95F4444D4017C4A /* Pods-AppBaseDemo.debug.xcconfig */,
				FC3237A11D175D8A56FDA2A8 /* Pods-AppBaseDemo.release.xcconfig */,
			);
			name = Pods;
			sourceTree = "<group>";
		};
		94B244F5B69C63A1CEBC1238 /* Frameworks */ = {
			isa = PBXGroup;
			children = (
				C0152959586DFB41568D4F5C /* libPods-AppBaseDemo.a */,
			);
			name = Frameworks;
			sourceTree = "<group>";
		};
/* End PBXGroup section */

/* Begin PBXNativeTarget section */
		2B386F751F29B69A00228620 /* AppBaseDemo */ = {
			isa = PBXNativeTarget;
			buildConfigurationList = 2B386FA61F29B69A00228620 /* Build configuration list for PBXNativeTarget "AppBaseDemo" */;
			buildPhases = (
				DCF0DB8912D7EB30E8C87598 /* [CP] Check Pods Manifest.lock */,
				2B386F721F29B69A00228620 /* Sources */,
				2B386F731F29B69A00228620 /* Frameworks */,
				2B386F741F29B69A00228620 /* Resources */,
				63FBF9171F720072587C0A48 /* [CP] Embed Pods Frameworks */,
				EFC5C8E9444A51A123B1EC02 /* [CP] Copy Pods Resources */,
			);
			buildRules = (
			);
			dependencies = (
			);
			name = AppBaseDemo;
			productName = AppBaseDemo;
			productReference = 2B386F761F29B69A00228620 /* AppBaseDemo.app */;
			productType = "com.apple.product-type.application";
		};
		2B386F911F29B69A00228620 /* AppBaseDemoTests */ = {
			isa = PBXNativeTarget;
			buildConfigurationList = 2B386FA91F29B69A00228620 /* Build configuration list for PBXNativeTarget "AppBaseDemoTests" */;
			buildPhases = (
				2B386F8E1F29B69A00228620 /* Sources */,
				2B386F8F1F29B69A00228620 /* Frameworks */,
				2B386F901F29B69A00228620 /* Resources */,
			);
			buildRules = (
			);
			dependencies = (
				2B386F941F29B69A00228620 /* PBXTargetDependency */,
			);
			name = AppBaseDemoTests;
			productName = AppBaseDemoTests;
			productReference = 2B386F921F29B69A00228620 /* AppBaseDemoTests.xctest */;
			productType = "com.apple.product-type.bundle.unit-test";
		};
		2B386F9C1F29B69A00228620 /* AppBaseDemoUITests */ = {
			isa = PBXNativeTarget;
			buildConfigurationList = 2B386FAC1F29B69A00228620 /* Build configuration list for PBXNativeTarget "AppBaseDemoUITests" */;
			buildPhases = (
				2B386F991F29B69A00228620 /* Sources */,
				2B386F9A1F29B69A00228620 /* Frameworks */,
				2B386F9B1F29B69A00228620 /* Resources */,
			);
			buildRules = (
			);
			dependencies = (
				2B386F9F1F29B69A00228620 /* PBXTargetDependency */,
			);
			name = AppBaseDemoUITests;
			productName = AppBaseDemoUITests;
			productReference = 2B386F9D1F29B69A00228620 /* AppBaseDemoUITests.xctest */;
			productType = "com.apple.product-type.bundle.ui-testing";
		};
/* End PBXNativeTarget section */

/* Begin PBXProject section */
		2B386F6E1F29B69A00228620 /* Project object */ = {
			isa = PBXProject;
			attributes = {
				LastUpgradeCheck = 0830;
				ORGANIZATIONNAME = sharui;
				TargetAttributes = {
					2B386F751F29B69A00228620 = {
						CreatedOnToolsVersion = 8.3.3;
						ProvisioningStyle = Automatic;
					};
					2B386F911F29B69A00228620 = {
						CreatedOnToolsVersion = 8.3.3;
						ProvisioningStyle = Automatic;
						TestTargetID = 2B386F751F29B69A00228620;
					};
					2B386F9C1F29B69A00228620 = {
						CreatedOnToolsVersion = 8.3.3;
						ProvisioningStyle = Automatic;
						TestTargetID = 2B386F751F29B69A00228620;
					};
				};
			};
			buildConfigurationList = 2B386F711F29B69A00228620 /* Build configuration list for PBXProject "AppBaseDemo" */;
			compatibilityVersion = "Xcode 3.2";
			developmentRegion = English;
			hasScannedForEncodings = 0;
			knownRegions = (
				en,
				Base,
			);
			mainGroup = 2B386F6D1F29B69A00228620;
			productRefGroup = 2B386F771F29B69A00228620 /* Products */;
			projectDirPath = "";
			projectRoot = "";
			targets = (
				2B386F751F29B69A00228620 /* AppBaseDemo */,
				2B386F911F29B69A00228620 /* AppBaseDemoTests */,
				2B386F9C1F29B69A00228620 /* AppBaseDemoUITests */,
			);
		};
/* End PBXProject section */

/* Begin PBXResourcesBuildPhase section */
		2B386F741F29B69A00228620 /* Resources */ = {
			isa = PBXResourcesBuildPhase;
			buildActionMask = 2147483647;
			files = (
				2B386F8C1F29B69A00228620 /* LaunchScreen.storyboard in Resources */,
				2B90F8991F2ED5E800698C38 /* SelectViewTitle.xib in Resources */,
				2B386F891F29B69A00228620 /* Assets.xcassets in Resources */,
				2B3AE0CF1F3020F400DE03B0 /* AppProdcutSelectSpecificationCell.xib in Resources */,
				2B90F8AE1F2F21CE00698C38 /* AppProductMainCellView.xib in Resources */,
				2B386F841F29B69A00228620 /* Main.storyboard in Resources */,
			);
			runOnlyForDeploymentPostprocessing = 0;
		};
		2B386F901F29B69A00228620 /* Resources */ = {
			isa = PBXResourcesBuildPhase;
			buildActionMask = 2147483647;
			files = (
			);
			runOnlyForDeploymentPostprocessing = 0;
		};
		2B386F9B1F29B69A00228620 /* Resources */ = {
			isa = PBXResourcesBuildPhase;
			buildActionMask = 2147483647;
			files = (
			);
			runOnlyForDeploymentPostprocessing = 0;
		};
/* End PBXResourcesBuildPhase section */

/* Begin PBXShellScriptBuildPhase section */
		63FBF9171F720072587C0A48 /* [CP] Embed Pods Frameworks */ = {
			isa = PBXShellScriptBuildPhase;
			buildActionMask = 2147483647;
			files = (
			);
			inputPaths = (
			);
			name = "[CP] Embed Pods Frameworks";
			outputPaths = (
			);
			runOnlyForDeploymentPostprocessing = 0;
			shellPath = /bin/sh;
			shellScript = "\"${SRCROOT}/Pods/Target Support Files/Pods-AppBaseDemo/Pods-AppBaseDemo-frameworks.sh\"\n";
			showEnvVarsInLog = 0;
		};
		DCF0DB8912D7EB30E8C87598 /* [CP] Check Pods Manifest.lock */ = {
			isa = PBXShellScriptBuildPhase;
			buildActionMask = 2147483647;
			files = (
			);
			inputPaths = (
			);
			name = "[CP] Check Pods Manifest.lock";
			outputPaths = (
			);
			runOnlyForDeploymentPostprocessing = 0;
			shellPath = /bin/sh;
			shellScript = "diff \"${PODS_PODFILE_DIR_PATH}/Podfile.lock\" \"${PODS_ROOT}/Manifest.lock\" > /dev/null\nif [ $? != 0 ] ; then\n    # print error to STDERR\n    echo \"error: The sandbox is not in sync with the Podfile.lock. Run 'pod install' or update your CocoaPods installation.\" >&2\n    exit 1\nfi\n";
			showEnvVarsInLog = 0;
		};
		EFC5C8E9444A51A123B1EC02 /* [CP] Copy Pods Resources */ = {
			isa = PBXShellScriptBuildPhase;
			buildActionMask = 2147483647;
			files = (
			);
			inputPaths = (
			);
			name = "[CP] Copy Pods Resources";
			outputPaths = (
			);
			runOnlyForDeploymentPostprocessing = 0;
			shellPath = /bin/sh;
			shellScript = "\"${SRCROOT}/Pods/Target Support Files/Pods-AppBaseDemo/Pods-AppBaseDemo-resources.sh\"\n";
			showEnvVarsInLog = 0;
		};
/* End PBXShellScriptBuildPhase section */

/* Begin PBXSourcesBuildPhase section */
		2B386F721F29B69A00228620 /* Sources */ = {
			isa = PBXSourcesBuildPhase;
			buildActionMask = 2147483647;
			files = (
				2BA025301F2AE470003EB25D /* BaseViewController.m in Sources */,
				2BA8DAB11F319BA9000190C1 /* DESEncryption.m in Sources */,
				2BA025341F2AE470003EB25D /* SRCustomTabBarView.m in Sources */,
				2B3870351F29BC0C00228620 /* NSString+SRDoc.m in Sources */,
				2B3870361F29BC0C00228620 /* NSString+SRString.m in Sources */,
				2B38703A1F29BC0C00228620 /* UILabel+SRUILabel.m in Sources */,
				2B3870371F29BC0C00228620 /* UIButton+SRButton.m in Sources */,
				2BA025171F2AD86B003EB25D /* TipLabel.m in Sources */,
				2B3870381F29BC0C00228620 /* UIColor+SRColor.m in Sources */,
				2B90F8971F2ECFF100698C38 /* SelectTypeView.m in Sources */,
				2B386F871F29B69A00228620 /* AppBaseDemo.xcdatamodeld in Sources */,
				2B90F8A91F2F124200698C38 /* AppProductViewControllerLeftCell.m in Sources */,
				2B3AE0CE1F3020F400DE03B0 /* AppProdcutSelectSpecificationCell.m in Sources */,
				2BA025371F2B05E9003EB25D /* CustomViewController.m in Sources */,
				2BA0253B1F2B0658003EB25D /* BaseNetWorkClient.m in Sources */,
				2B90F89C1F2EDC0C00698C38 /* SelectViewTitle.m in Sources */,
				2B386F7E1F29B69A00228620 /* AppDelegate.m in Sources */,
				2B3AE0D21F304C2D00DE03B0 /* AppProductModel.m in Sources */,
				2BA025311F2AE470003EB25D /* CustomNavBarView.m in Sources */,
				2B90F8B11F2F25A500698C38 /* AppProductMainCell.m in Sources */,
				2B3870391F29BC0C00228620 /* UIImage+SRImage.m in Sources */,
				2BA0253F1F2B06AD003EB25D /* RootViewController.m in Sources */,
				2B38703F1F29BC0C00228620 /* NSObject+ZXPUnicode.m in Sources */,
				2BA025521F2B108D003EB25D /* HomeTopView.m in Sources */,
				2B38703B1F29BC0C00228620 /* UITextField+SRTextField.m in Sources */,
				2B3870331F29BC0C00228620 /* NSMutableArray+SRArraySort.m in Sources */,
				2BA025321F2AE470003EB25D /* CustomNavigationController.m in Sources */,
				2B90F8A61F2F0E9B00698C38 /* AppProductViewController.m in Sources */,
				2BA0254C1F2B0C32003EB25D /* TopAdvertisementView.m in Sources */,
				2BA025331F2AE470003EB25D /* SRCustomTabBarController.m in Sources */,
				2B386F7B1F29B69A00228620 /* main.m in Sources */,
				2B3870341F29BC0C00228620 /* NSMutableAttributedString+SRSpecial.m in Sources */,
				2B38703C1F29BC0C00228620 /* UIView+SRExtension.m in Sources */,
				2BA025491F2B0C09003EB25D /* HomeViewController.m in Sources */,
				2B90F8AC1F2F21C700698C38 /* AppProductMainCellView.m in Sources */,
				2B38703D1F29BC0C00228620 /* NSArray+ ZXPUnicode.m in Sources */,
				2BA0254F1F2B0D57003EB25D /* CustomPageView.m in Sources */,
				2BA8DAB61F319BCE000190C1 /* GTMBase64.m in Sources */,
				2B38703E1F29BC0C00228620 /* NSDictionary+ZXPUnicode.m in Sources */,
				2B90F8941F2EC86200698C38 /* CustomScrollSelectView.m in Sources */,
				2BA025551F2B2A15003EB25D /* RecommendProductView.m in Sources */,
			);
			runOnlyForDeploymentPostprocessing = 0;
		};
		2B386F8E1F29B69A00228620 /* Sources */ = {
			isa = PBXSourcesBuildPhase;
			buildActionMask = 2147483647;
			files = (
				2B386F971F29B69A00228620 /* AppBaseDemoTests.m in Sources */,
			);
			runOnlyForDeploymentPostprocessing = 0;
		};
		2B386F991F29B69A00228620 /* Sources */ = {
			isa = PBXSourcesBuildPhase;
			buildActionMask = 2147483647;
			files = (
				2B386FA21F29B69A00228620 /* AppBaseDemoUITests.m in Sources */,
			);
			runOnlyForDeploymentPostprocessing = 0;
		};
/* End PBXSourcesBuildPhase section */

/* Begin PBXTargetDependency section */
		2B386F941F29B69A00228620 /* PBXTargetDependency */ = {
			isa = PBXTargetDependency;
			target = 2B386F751F29B69A00228620 /* AppBaseDemo */;
			targetProxy = 2B386F931F29B69A00228620 /* PBXContainerItemProxy */;
		};
		2B386F9F1F29B69A00228620 /* PBXTargetDependency */ = {
			isa = PBXTargetDependency;
			target = 2B386F751F29B69A00228620 /* AppBaseDemo */;
			targetProxy = 2B386F9E1F29B69A00228620 /* PBXContainerItemProxy */;
		};
/* End PBXTargetDependency section */

/* Begin PBXVariantGroup section */
		2B386F821F29B69A00228620 /* Main.storyboard */ = {
			isa = PBXVariantGroup;
			children = (
				2B386F831F29B69A00228620 /* Base */,
			);
			name = Main.storyboard;
			sourceTree = "<group>";
		};
		2B386F8A1F29B69A00228620 /* LaunchScreen.storyboard */ = {
			isa = PBXVariantGroup;
			children = (
				2B386F8B1F29B69A00228620 /* Base */,
			);
			name = LaunchScreen.storyboard;
			sourceTree = "<group>";
		};
/* End PBXVariantGroup section */

/* Begin XCBuildConfiguration section */
		2B386FA41F29B69A00228620 /* Debug */ = {
			isa = XCBuildConfiguration;
			buildSettings = {
				ALWAYS_SEARCH_USER_PATHS = NO;
				CLANG_ANALYZER_NONNULL = YES;
				CLANG_ANALYZER_NUMBER_OBJECT_CONVERSION = YES_AGGRESSIVE;
				CLANG_CXX_LANGUAGE_STANDARD = "gnu++0x";
				CLANG_CXX_LIBRARY = "libc++";
				CLANG_ENABLE_MODULES = YES;
				CLANG_ENABLE_OBJC_ARC = YES;
				CLANG_WARN_BOOL_CONVERSION = YES;
				CLANG_WARN_CONSTANT_CONVERSION = YES;
				CLANG_WARN_DIRECT_OBJC_ISA_USAGE = YES_ERROR;
				CLANG_WARN_DOCUMENTATION_COMMENTS = YES;
				CLANG_WARN_EMPTY_BODY = YES;
				CLANG_WARN_ENUM_CONVERSION = YES;
				CLANG_WARN_INFINITE_RECURSION = YES;
				CLANG_WARN_INT_CONVERSION = YES;
				CLANG_WARN_OBJC_ROOT_CLASS = YES_ERROR;
				CLANG_WARN_SUSPICIOUS_MOVE = YES;
				CLANG_WARN_UNREACHABLE_CODE = YES;
				CLANG_WARN__DUPLICATE_METHOD_MATCH = YES;
				"CODE_SIGN_IDENTITY[sdk=iphoneos*]" = "iPhone Developer";
				COPY_PHASE_STRIP = NO;
				DEBUG_INFORMATION_FORMAT = dwarf;
				ENABLE_STRICT_OBJC_MSGSEND = YES;
				ENABLE_TESTABILITY = YES;
				GCC_C_LANGUAGE_STANDARD = gnu99;
				GCC_DYNAMIC_NO_PIC = NO;
				GCC_NO_COMMON_BLOCKS = YES;
				GCC_OPTIMIZATION_LEVEL = 0;
				GCC_PREPROCESSOR_DEFINITIONS = (
					"DEBUG=1",
					"$(inherited)",
				);
				GCC_WARN_64_TO_32_BIT_CONVERSION = YES;
				GCC_WARN_ABOUT_RETURN_TYPE = YES_ERROR;
				GCC_WARN_UNDECLARED_SELECTOR = YES;
				GCC_WARN_UNINITIALIZED_AUTOS = YES_AGGRESSIVE;
				GCC_WARN_UNUSED_FUNCTION = YES;
				GCC_WARN_UNUSED_VARIABLE = YES;
				IPHONEOS_DEPLOYMENT_TARGET = 10.3;
				MTL_ENABLE_DEBUG_INFO = YES;
				ONLY_ACTIVE_ARCH = YES;
				SDKROOT = iphoneos;
				TARGETED_DEVICE_FAMILY = "1,2";
			};
			name = Debug;
		};
		2B386FA51F29B69A00228620 /* Release */ = {
			isa = XCBuildConfiguration;
			buildSettings = {
				ALWAYS_SEARCH_USER_PATHS = NO;
				CLANG_ANALYZER_NONNULL = YES;
				CLANG_ANALYZER_NUMBER_OBJECT_CONVERSION = YES_AGGRESSIVE;
				CLANG_CXX_LANGUAGE_STANDARD = "gnu++0x";
				CLANG_CXX_LIBRARY = "libc++";
				CLANG_ENABLE_MODULES = YES;
				CLANG_ENABLE_OBJC_ARC = YES;
				CLANG_WARN_BOOL_CONVERSION = YES;
				CLANG_WARN_CONSTANT_CONVERSION = YES;
				CLANG_WARN_DIRECT_OBJC_ISA_USAGE = YES_ERROR;
				CLANG_WARN_DOCUMENTATION_COMMENTS = YES;
				CLANG_WARN_EMPTY_BODY = YES;
				CLANG_WARN_ENUM_CONVERSION = YES;
				CLANG_WARN_INFINITE_RECURSION = YES;
				CLANG_WARN_INT_CONVERSION = YES;
				CLANG_WARN_OBJC_ROOT_CLASS = YES_ERROR;
				CLANG_WARN_SUSPICIOUS_MOVE = YES;
				CLANG_WARN_UNREACHABLE_CODE = YES;
				CLANG_WARN__DUPLICATE_METHOD_MATCH = YES;
				"CODE_SIGN_IDENTITY[sdk=iphoneos*]" = "iPhone Developer";
				COPY_PHASE_STRIP = NO;
				DEBUG_INFORMATION_FORMAT = "dwarf-with-dsym";
				ENABLE_NS_ASSERTIONS = NO;
				ENABLE_STRICT_OBJC_MSGSEND = YES;
				GCC_C_LANGUAGE_STANDARD = gnu99;
				GCC_NO_COMMON_BLOCKS = YES;
				GCC_WARN_64_TO_32_BIT_CONVERSION = YES;
				GCC_WARN_ABOUT_RETURN_TYPE = YES_ERROR;
				GCC_WARN_UNDECLARED_SELECTOR = YES;
				GCC_WARN_UNINITIALIZED_AUTOS = YES_AGGRESSIVE;
				GCC_WARN_UNUSED_FUNCTION = YES;
				GCC_WARN_UNUSED_VARIABLE = YES;
				IPHONEOS_DEPLOYMENT_TARGET = 10.3;
				MTL_ENABLE_DEBUG_INFO = NO;
				SDKROOT = iphoneos;
				TARGETED_DEVICE_FAMILY = "1,2";
				VALIDATE_PRODUCT = YES;
			};
			name = Release;
		};
		2B386FA71F29B69A00228620 /* Debug */ = {
			isa = XCBuildConfiguration;
			baseConfigurationReference = D9138079B95F4444D4017C4A /* Pods-AppBaseDemo.debug.xcconfig */;
			buildSettings = {
				ASSETCATALOG_COMPILER_APPICON_NAME = AppIcon;
				GCC_INCREASE_PRECOMPILED_HEADER_SHARING = NO;
				GCC_PRECOMPILE_PREFIX_HEADER = YES;
				GCC_PREFIX_HEADER = "$(SRCROOT)/AppBaseDemo/CustomSupportingFiles/PrefixHeader.pch";
				INFOPLIST_FILE = AppBaseDemo/Info.plist;
				IPHONEOS_DEPLOYMENT_TARGET = 8.0;
				LD_RUNPATH_SEARCH_PATHS = "$(inherited) @executable_path/Frameworks";
				PRODUCT_BUNDLE_IDENTIFIER = com.sharui.Demo.AppBaseDemo;
				PRODUCT_NAME = "$(TARGET_NAME)";
			};
			name = Debug;
		};
		2B386FA81F29B69A00228620 /* Release */ = {
			isa = XCBuildConfiguration;
			baseConfigurationReference = FC3237A11D175D8A56FDA2A8 /* Pods-AppBaseDemo.release.xcconfig */;
			buildSettings = {
				ASSETCATALOG_COMPILER_APPICON_NAME = AppIcon;
				GCC_INCREASE_PRECOMPILED_HEADER_SHARING = NO;
				GCC_PRECOMPILE_PREFIX_HEADER = YES;
				GCC_PREFIX_HEADER = "$(SRCROOT)/AppBaseDemo/CustomSupportingFiles/PrefixHeader.pch";
				INFOPLIST_FILE = AppBaseDemo/Info.plist;
				IPHONEOS_DEPLOYMENT_TARGET = 8.0;
				LD_RUNPATH_SEARCH_PATHS = "$(inherited) @executable_path/Frameworks";
				PRODUCT_BUNDLE_IDENTIFIER = com.sharui.Demo.AppBaseDemo;
				PRODUCT_NAME = "$(TARGET_NAME)";
			};
			name = Release;
		};
		2B386FAA1F29B69A00228620 /* Debug */ = {
			isa = XCBuildConfiguration;
			buildSettings = {
				BUNDLE_LOADER = "$(TEST_HOST)";
				INFOPLIST_FILE = AppBaseDemoTests/Info.plist;
				LD_RUNPATH_SEARCH_PATHS = "$(inherited) @executable_path/Frameworks @loader_path/Frameworks";
				PRODUCT_BUNDLE_IDENTIFIER = com.sharui.Demo.AppBaseDemoTests;
				PRODUCT_NAME = "$(TARGET_NAME)";
				TEST_HOST = "$(BUILT_PRODUCTS_DIR)/AppBaseDemo.app/AppBaseDemo";
			};
			name = Debug;
		};
		2B386FAB1F29B69A00228620 /* Release */ = {
			isa = XCBuildConfiguration;
			buildSettings = {
				BUNDLE_LOADER = "$(TEST_HOST)";
				INFOPLIST_FILE = AppBaseDemoTests/Info.plist;
				LD_RUNPATH_SEARCH_PATHS = "$(inherited) @executable_path/Frameworks @loader_path/Frameworks";
				PRODUCT_BUNDLE_IDENTIFIER = com.sharui.Demo.AppBaseDemoTests;
				PRODUCT_NAME = "$(TARGET_NAME)";
				TEST_HOST = "$(BUILT_PRODUCTS_DIR)/AppBaseDemo.app/AppBaseDemo";
			};
			name = Release;
		};
		2B386FAD1F29B69A00228620 /* Debug */ = {
			isa = XCBuildConfiguration;
			buildSettings = {
				INFOPLIST_FILE = AppBaseDemoUITests/Info.plist;
				LD_RUNPATH_SEARCH_PATHS = "$(inherited) @executable_path/Frameworks @loader_path/Frameworks";
				PRODUCT_BUNDLE_IDENTIFIER = com.sharui.Demo.AppBaseDemoUITests;
				PRODUCT_NAME = "$(TARGET_NAME)";
				TEST_TARGET_NAME = AppBaseDemo;
			};
			name = Debug;
		};
		2B386FAE1F29B69A00228620 /* Release */ = {
			isa = XCBuildConfiguration;
			buildSettings = {
				INFOPLIST_FILE = AppBaseDemoUITests/Info.plist;
				LD_RUNPATH_SEARCH_PATHS = "$(inherited) @executable_path/Frameworks @loader_path/Frameworks";
				PRODUCT_BUNDLE_IDENTIFIER = com.sharui.Demo.AppBaseDemoUITests;
				PRODUCT_NAME = "$(TARGET_NAME)";
				TEST_TARGET_NAME = AppBaseDemo;
			};
			name = Release;
		};
/* End XCBuildConfiguration section */

/* Begin XCConfigurationList section */
		2B386F711F29B69A00228620 /* Build configuration list for PBXProject "AppBaseDemo" */ = {
			isa = XCConfigurationList;
			buildConfigurations = (
				2B386FA41F29B69A00228620 /* Debug */,
				2B386FA51F29B69A00228620 /* Release */,
			);
			defaultConfigurationIsVisible = 0;
			defaultConfigurationName = Release;
		};
		2B386FA61F29B69A00228620 /* Build configuration list for PBXNativeTarget "AppBaseDemo" */ = {
			isa = XCConfigurationList;
			buildConfigurations = (
				2B386FA71F29B69A00228620 /* Debug */,
				2B386FA81F29B69A00228620 /* Release */,
			);
			defaultConfigurationIsVisible = 0;
			defaultConfigurationName = Release;
		};
		2B386FA91F29B69A00228620 /* Build configuration list for PBXNativeTarget "AppBaseDemoTests" */ = {
			isa = XCConfigurationList;
			buildConfigurations = (
				2B386FAA1F29B69A00228620 /* Debug */,
				2B386FAB1F29B69A00228620 /* Release */,
			);
			defaultConfigurationIsVisible = 0;
			defaultConfigurationName = Release;
		};
		2B386FAC1F29B69A00228620 /* Build configuration list for PBXNativeTarget "AppBaseDemoUITests" */ = {
			isa = XCConfigurationList;
			buildConfigurations = (
				2B386FAD1F29B69A00228620 /* Debug */,
				2B386FAE1F29B69A00228620 /* Release */,
			);
			defaultConfigurationIsVisible = 0;
			defaultConfigurationName = Release;
		};
/* End XCConfigurationList section */

/* Begin XCVersionGroup section */
		2B386F851F29B69A00228620 /* AppBaseDemo.xcdatamodeld */ = {
			isa = XCVersionGroup;
			children = (
				2B386F861F29B69A00228620 /* AppBaseDemo.xcdatamodel */,
			);
			currentVersion = 2B386F861F29B69A00228620 /* AppBaseDemo.xcdatamodel */;
			path = AppBaseDemo.xcdatamodeld;
			sourceTree = "<group>";
			versionGroupType = wrapper.xcdatamodel;
		};
/* End XCVersionGroup section */
	};
	rootObject = 2B386F6E1F29B69A00228620 /* Project object */;
}
